
Microsoft Visual Studio Solution File, Format Version 12.00
# Visual Studio Version 17
VisualStudioVersion = 17.1.32421.90
MinimumVisualStudioVersion = 10.0.40219.1
Project("{FAE04EC0-301F-11D3-BF4B-00C04F79EFBC}") = "TDD-tp", "TDD-tp\TDD-tp.csproj", "{2D95D0C8-C7BC-4BF2-BCF9-79690AF3C811}"
EndProject
Project("{FAE04EC0-301F-11D3-BF4B-00C04F79EFBC}") = "TesteUnitario", "TesteUnitario\TesteUnitario.csproj", "{35C6813F-D608-4BB3-8AE5-FEE824CC667E}"
EndProject
Global
	GlobalSection(SolutionConfigurationPlatforms) = preSolution
		Debug|Any CPU = Debug|Any CPU
		Release|Any CPU = Release|Any CPU
	EndGlobalSection
	GlobalSection(ProjectConfigurationPlatforms) = postSolution
		{2D95D0C8-C7BC-4BF2-BCF9-79690AF3C811}.Debug|Any CPU.ActiveCfg = Debug|Any CPU
		{2D95D0C8-C7BC-4BF2-BCF9-79690AF3C811}.Debug|Any CPU.Build.0 = Debug|Any CPU
		{2D95D0C8-C7BC-4BF2-BCF9-79690AF3C811}.Release|Any CPU.ActiveCfg = Release|Any CPU
		{2D95D0C8-C7BC-4BF2-BCF9-79690AF3C811}.Release|Any CPU.Build.0 = Release|Any CPU
		{35C6813F-D608-4BB3-8AE5-FEE824CC667E}.Debug|Any CPU.ActiveCfg = Debug|Any CPU
		{35C6813F-D608-4BB3-8AE5-FEE824CC667E}.Debug|Any CPU.Build.0 = Debug|Any CPU
		{35C6813F-D608-4BB3-8AE5-FEE824CC667E}.Release|Any CPU.ActiveCfg = Release|Any CPU
		{35C6813F-D608-4BB3-8AE5-FEE824CC667E}.Release|Any CPU.Build.0 = Release|Any CPU
	EndGlobalSection
	GlobalSection(SolutionProperties) = preSolution
		HideSolutionNode = FALSE
	EndGlobalSection
	GlobalSection(ExtensibilityGlobals) = postSolution
		SolutionGuid = {3B069610-C0D9-4D01-A406-C4F89976F090}
	EndGlobalSection
EndGlobal
